
Microsoft Visual Studio Solution File, Format Version 12.00
# Visual Studio Version 16
VisualStudioVersion = 16.0.31729.503
MinimumVisualStudioVersion = 10.0.40219.1
Project("{9A19103F-16F7-4668-BE54-9A1E7A4F7556}") = "site3DDisiner", "site3DDisiner\site3DDisiner.csproj", "{BD9112CD-1A83-41BC-953E-C3BA5A78CB3E}"
EndProject
Global
	GlobalSection(SolutionConfigurationPlatforms) = preSolution
		Debug|Any CPU = Debug|Any CPU
		Release|Any CPU = Release|Any CPU
	EndGlobalSection
	GlobalSection(ProjectConfigurationPlatforms) = postSolution
		{BD9112CD-1A83-41BC-953E-C3BA5A78CB3E}.Debug|Any CPU.ActiveCfg = Debug|Any CPU
		{BD9112CD-1A83-41BC-953E-C3BA5A78CB3E}.Debug|Any CPU.Build.0 = Debug|Any CPU
		{BD9112CD-1A83-41BC-953E-C3BA5A78CB3E}.Release|Any CPU.ActiveCfg = Release|Any CPU
		{BD9112CD-1A83-41BC-953E-C3BA5A78CB3E}.Release|Any CPU.Build.0 = Release|Any CPU
	EndGlobalSection
	GlobalSection(SolutionProperties) = preSolution
		HideSolutionNode = FALSE
	EndGlobalSection
	GlobalSection(ExtensibilityGlobals) = postSolution
		SolutionGuid = {0A244C0D-9F69-4562-ABEE-328A4C5EF444}
	EndGlobalSection
EndGlobal
